
Microsoft Visual Studio Solution File, Format Version 12.00
# Visual Studio Version 16
VisualStudioVersion = 16.0.31613.86
MinimumVisualStudioVersion = 10.0.40219.1
Project("{FAE04EC0-301F-11D3-BF4B-00C04F79EFBC}") = "ALPS_Visio_Add_In", "VisioAddIn\ALPS_Visio_Add_In.csproj", "{72D1E698-314E-4F5C-ADDF-724B4B17DF40}"
EndProject
Project("{FAE04EC0-301F-11D3-BF4B-00C04F79EFBC}") = "UnitTestProject", "UnitTestProject\UnitTestProject.csproj", "{302F5CEE-EC49-4372-9366-C95F46ECC8FD}"
EndProject
Global
	GlobalSection(SolutionConfigurationPlatforms) = preSolution
		Debug|Any CPU = Debug|Any CPU
		Release|Any CPU = Release|Any CPU
	EndGlobalSection
	GlobalSection(ProjectConfigurationPlatforms) = postSolution
		{72D1E698-314E-4F5C-ADDF-724B4B17DF40}.Debug|Any CPU.ActiveCfg = Debug|Any CPU
		{72D1E698-314E-4F5C-ADDF-724B4B17DF40}.Debug|Any CPU.Build.0 = Debug|Any CPU
		{72D1E698-314E-4F5C-ADDF-724B4B17DF40}.Release|Any CPU.ActiveCfg = Release|Any CPU
		{72D1E698-314E-4F5C-ADDF-724B4B17DF40}.Release|Any CPU.Build.0 = Release|Any CPU
		{302F5CEE-EC49-4372-9366-C95F46ECC8FD}.Debug|Any CPU.ActiveCfg = Debug|Any CPU
		{302F5CEE-EC49-4372-9366-C95F46ECC8FD}.Debug|Any CPU.Build.0 = Debug|Any CPU
		{302F5CEE-EC49-4372-9366-C95F46ECC8FD}.Release|Any CPU.ActiveCfg = Release|Any CPU
		{302F5CEE-EC49-4372-9366-C95F46ECC8FD}.Release|Any CPU.Build.0 = Release|Any CPU
	EndGlobalSection
	GlobalSection(SolutionProperties) = preSolution
		HideSolutionNode = FALSE
	EndGlobalSection
	GlobalSection(ExtensibilityGlobals) = postSolution
		SolutionGuid = {75A0AE62-9977-4F36-88AD-784F5B15AF10}
	EndGlobalSection
EndGlobal
